
Microsoft Visual Studio Solution File, Format Version 12.00
# Visual Studio Version 16
VisualStudioVersion = 16.0.30413.136
MinimumVisualStudioVersion = 15.0.26124.0
Project("{9A19103F-16F7-4668-BE54-9A1E7A4F7556}") = "Lab.EventSourcing.Core", "Lab.EventSourcing.Core\Lab.EventSourcing.Core.csproj", "{87C6B6EA-D9E0-4F34-A74A-51854CA27570}"
EndProject
Project("{FAE04EC0-301F-11D3-BF4B-00C04F79EFBC}") = "Lab.EventSourcing.Inventory", "Lab.EventSourcing.Inventory\Lab.EventSourcing.Inventory.csproj", "{A01B43C3-C389-4262-B27C-860A8E6AF22E}"
EndProject
Project("{FAE04EC0-301F-11D3-BF4B-00C04F79EFBC}") = "Lab.EventSourcing.Inventory.Test", "Lab.EventSourcing.Inventory.Test\Lab.EventSourcing.Inventory.Test.csproj", "{C659AB84-1B8A-4EA7-A283-9E4F7D8C915C}"
EndProject
Global
	GlobalSection(SolutionConfigurationPlatforms) = preSolution
		Debug|Any CPU = Debug|Any CPU
		Debug|x64 = Debug|x64
		Debug|x86 = Debug|x86
		Release|Any CPU = Release|Any CPU
		Release|x64 = Release|x64
		Release|x86 = Release|x86
	EndGlobalSection
	GlobalSection(ProjectConfigurationPlatforms) = postSolution
		{87C6B6EA-D9E0-4F34-A74A-51854CA27570}.Debug|Any CPU.ActiveCfg = Debug|Any CPU
		{87C6B6EA-D9E0-4F34-A74A-51854CA27570}.Debug|Any CPU.Build.0 = Debug|Any CPU
		{87C6B6EA-D9E0-4F34-A74A-51854CA27570}.Debug|x64.ActiveCfg = Debug|Any CPU
		{87C6B6EA-D9E0-4F34-A74A-51854CA27570}.Debug|x64.Build.0 = Debug|Any CPU
		{87C6B6EA-D9E0-4F34-A74A-51854CA27570}.Debug|x86.ActiveCfg = Debug|Any CPU
		{87C6B6EA-D9E0-4F34-A74A-51854CA27570}.Debug|x86.Build.0 = Debug|Any CPU
		{87C6B6EA-D9E0-4F34-A74A-51854CA27570}.Release|Any CPU.ActiveCfg = Release|Any CPU
		{87C6B6EA-D9E0-4F34-A74A-51854CA27570}.Release|Any CPU.Build.0 = Release|Any CPU
		{87C6B6EA-D9E0-4F34-A74A-51854CA27570}.Release|x64.ActiveCfg = Release|Any CPU
		{87C6B6EA-D9E0-4F34-A74A-51854CA27570}.Release|x64.Build.0 = Release|Any CPU
		{87C6B6EA-D9E0-4F34-A74A-51854CA27570}.Release|x86.ActiveCfg = Release|Any CPU
		{87C6B6EA-D9E0-4F34-A74A-51854CA27570}.Release|x86.Build.0 = Release|Any CPU
		{A01B43C3-C389-4262-B27C-860A8E6AF22E}.Debug|Any CPU.ActiveCfg = Debug|Any CPU
		{A01B43C3-C389-4262-B27C-860A8E6AF22E}.Debug|Any CPU.Build.0 = Debug|Any CPU
		{A01B43C3-C389-4262-B27C-860A8E6AF22E}.Debug|x64.ActiveCfg = Debug|Any CPU
		{A01B43C3-C389-4262-B27C-860A8E6AF22E}.Debug|x64.Build.0 = Debug|Any CPU
		{A01B43C3-C389-4262-B27C-860A8E6AF22E}.Debug|x86.ActiveCfg = Debug|Any CPU
		{A01B43C3-C389-4262-B27C-860A8E6AF22E}.Debug|x86.Build.0 = Debug|Any CPU
		{A01B43C3-C389-4262-B27C-860A8E6AF22E}.Release|Any CPU.ActiveCfg = Release|Any CPU
		{A01B43C3-C389-4262-B27C-860A8E6AF22E}.Release|Any CPU.Build.0 = Release|Any CPU
		{A01B43C3-C389-4262-B27C-860A8E6AF22E}.Release|x64.ActiveCfg = Release|Any CPU
		{A01B43C3-C389-4262-B27C-860A8E6AF22E}.Release|x64.Build.0 = Release|Any CPU
		{A01B43C3-C389-4262-B27C-860A8E6AF22E}.Release|x86.ActiveCfg = Release|Any CPU
		{A01B43C3-C389-4262-B27C-860A8E6AF22E}.Release|x86.Build.0 = Release|Any CPU
		{C659AB84-1B8A-4EA7-A283-9E4F7D8C915C}.Debug|Any CPU.ActiveCfg = Debug|Any CPU
		{C659AB84-1B8A-4EA7-A283-9E4F7D8C915C}.Debug|Any CPU.Build.0 = Debug|Any CPU
		{C659AB84-1B8A-4EA7-A283-9E4F7D8C915C}.Debug|x64.ActiveCfg = Debug|Any CPU
		{C659AB84-1B8A-4EA7-A283-9E4F7D8C915C}.Debug|x64.Build.0 = Debug|Any CPU
		{C659AB84-1B8A-4EA7-A283-9E4F7D8C915C}.Debug|x86.ActiveCfg = Debug|Any CPU
		{C659AB84-1B8A-4EA7-A283-9E4F7D8C915C}.Debug|x86.Build.0 = Debug|Any CPU
		{C659AB84-1B8A-4EA7-A283-9E4F7D8C915C}.Release|Any CPU.ActiveCfg = Release|Any CPU
		{C659AB84-1B8A-4EA7-A283-9E4F7D8C915C}.Release|Any CPU.Build.0 = Release|Any CPU
		{C659AB84-1B8A-4EA7-A283-9E4F7D8C915C}.Release|x64.ActiveCfg = Release|Any CPU
		{C659AB84-1B8A-4EA7-A283-9E4F7D8C915C}.Release|x64.Build.0 = Release|Any CPU
		{C659AB84-1B8A-4EA7-A283-9E4F7D8C915C}.Release|x86.ActiveCfg = Release|Any CPU
		{C659AB84-1B8A-4EA7-A283-9E4F7D8C915C}.Release|x86.Build.0 = Release|Any CPU
	EndGlobalSection
	GlobalSection(SolutionProperties) = preSolution
		HideSolutionNode = FALSE
	EndGlobalSection
	GlobalSection(ExtensibilityGlobals) = postSolution
		SolutionGuid = {7A7D40AF-555B-408F-8EA8-0A0D06475E22}
	EndGlobalSection
EndGlobal
